
Microsoft Visual Studio Solution File, Format Version 12.00
# Visual Studio Version 16
VisualStudioVersion = 16.0.31702.278
MinimumVisualStudioVersion = 10.0.40219.1
Project("{FAE04EC0-301F-11D3-BF4B-00C04F79EFBC}") = "CountNumbersParallel", "CountNumbersParallel\CountNumbersParallel.csproj", "{E11CA208-5F66-4D8E-A2B8-4BE6DA43B321}"
EndProject
Global
	GlobalSection(SolutionConfigurationPlatforms) = preSolution
		Debug|Any CPU = Debug|Any CPU
		Release|Any CPU = Release|Any CPU
	EndGlobalSection
	GlobalSection(ProjectConfigurationPlatforms) = postSolution
		{E11CA208-5F66-4D8E-A2B8-4BE6DA43B321}.Debug|Any CPU.ActiveCfg = Debug|Any CPU
		{E11CA208-5F66-4D8E-A2B8-4BE6DA43B321}.Debug|Any CPU.Build.0 = Debug|Any CPU
		{E11CA208-5F66-4D8E-A2B8-4BE6DA43B321}.Release|Any CPU.ActiveCfg = Release|Any CPU
		{E11CA208-5F66-4D8E-A2B8-4BE6DA43B321}.Release|Any CPU.Build.0 = Release|Any CPU
	EndGlobalSection
	GlobalSection(SolutionProperties) = preSolution
		HideSolutionNode = FALSE
	EndGlobalSection
	GlobalSection(ExtensibilityGlobals) = postSolution
		SolutionGuid = {8AD971FE-C25A-4159-80E9-A6A76DDD3922}
	EndGlobalSection
EndGlobal
